
Microsoft Visual Studio Solution File, Format Version 12.00
# Visual Studio Version 16
VisualStudioVersion = 16.0.29306.81
MinimumVisualStudioVersion = 10.0.40219.1
Project("{8BC9CEB8-8B4A-11D0-8D11-00A0C91BC942}") = "VirtualLego", "VirtualLego.vcxproj", "{A6B9A61F-266C-44FB-948E-A04EB8968EF4}"
EndProject
Global
	GlobalSection(SolutionConfigurationPlatforms) = preSolution
		Debug|x86 = Debug|x86
		Release|x86 = Release|x86
	EndGlobalSection
	GlobalSection(ProjectConfigurationPlatforms) = postSolution
		{A6B9A61F-266C-44FB-948E-A04EB8968EF4}.Debug|x86.ActiveCfg = Debug|Win32
		{A6B9A61F-266C-44FB-948E-A04EB8968EF4}.Debug|x86.Build.0 = Debug|Win32
		{A6B9A61F-266C-44FB-948E-A04EB8968EF4}.Release|x86.ActiveCfg = Release|Win32
		{A6B9A61F-266C-44FB-948E-A04EB8968EF4}.Release|x86.Build.0 = Release|Win32
	EndGlobalSection
	GlobalSection(SolutionProperties) = preSolution
		HideSolutionNode = FALSE
	EndGlobalSection
	GlobalSection(ExtensibilityGlobals) = postSolution
		SolutionGuid = {98C6734C-6EEC-4A02-B289-F83C65FAF2F9}
	EndGlobalSection
EndGlobal
