
Microsoft Visual Studio Solution File, Format Version 12.00
# Visual Studio Version 16
VisualStudioVersion = 16.0.29424.173
MinimumVisualStudioVersion = 10.0.40219.1
Project("{8BC9CEB8-8B4A-11D0-8D11-00A0C91BC942}") = "VirtualLego", "VirtualLego.vcxproj", "{B71CDD81-BD56-4A3D-800A-73823EDEDF40}"
EndProject
Global
	GlobalSection(SolutionConfigurationPlatforms) = preSolution
		Debug|x86 = Debug|x86
		Release|x86 = Release|x86
	EndGlobalSection
	GlobalSection(ProjectConfigurationPlatforms) = postSolution
		{B71CDD81-BD56-4A3D-800A-73823EDEDF40}.Debug|x86.ActiveCfg = Debug|Win32
		{B71CDD81-BD56-4A3D-800A-73823EDEDF40}.Debug|x86.Build.0 = Debug|Win32
		{B71CDD81-BD56-4A3D-800A-73823EDEDF40}.Release|x86.ActiveCfg = Release|Win32
		{B71CDD81-BD56-4A3D-800A-73823EDEDF40}.Release|x86.Build.0 = Release|Win32
	EndGlobalSection
	GlobalSection(SolutionProperties) = preSolution
		HideSolutionNode = FALSE
	EndGlobalSection
	GlobalSection(ExtensibilityGlobals) = postSolution
		SolutionGuid = {8A81FA60-738B-49B0-92E7-996C03134012}
	EndGlobalSection
EndGlobal
